// !$*UTF8*$!
{
	archiveVersion = 1;
	classes = {
	};
	objectVersion = 45;
	objects = {

/* Begin PBXBuildFile section */
		1D3623260D0F684500981E51 /* MayDemoAppDelegate.m in Sources */ = {isa = PBXBuildFile; fileRef = 1D3623250D0F684500981E51 /* MayDemoAppDelegate.m */; };
		1D60589B0D05DD56006BFB54 /* main.m in Sources */ = {isa = PBXBuildFile; fileRef = 29B97316FDCFA39411CA2CEA /* main.m */; };
		1D60589F0D05DD5A006BFB54 /* Foundation.framework in Frameworks */ = {isa = PBXBuildFile; fileRef = 1D30AB110D05D00D00671497 /* Foundation.framework */; };
		1DF5F4E00D08C38300B7A737 /* UIKit.framework in Frameworks */ = {isa = PBXBuildFile; fileRef = 1DF5F4DF0D08C38300B7A737 /* UIKit.framework */; };
		288765A50DF7441C002DB57D /* CoreGraphics.framework in Frameworks */ = {isa = PBXBuildFile; fileRef = 288765A40DF7441C002DB57D /* CoreGraphics.framework */; };
		2899E5220DE3E06400AC0155 /* MayDemoViewController.xib in Resources */ = {isa = PBXBuildFile; fileRef = 2899E5210DE3E06400AC0155 /* MayDemoViewController.xib */; };
		28AD733F0D9D9553002E5188 /* MainWindow.xib in Resources */ = {isa = PBXBuildFile; fileRef = 28AD733E0D9D9553002E5188 /* MainWindow.xib */; };
		28D7ACF80DDB3853001CB0EB /* MayDemoViewController.m in Sources */ = {isa = PBXBuildFile; fileRef = 28D7ACF70DDB3853001CB0EB /* MayDemoViewController.m */; };
		714F01E71380CB6200653F8E /* MapView.xib in Resources */ = {isa = PBXBuildFile; fileRef = 714F01E61380CB6200653F8E /* MapView.xib */; };
		714F02131380CF4300653F8E /* Options.xib in Resources */ = {isa = PBXBuildFile; fileRef = 714F02121380CF4300653F8E /* Options.xib */; };
		7179E50E1382CEED002412CA /* softguy.aif in Resources */ = {isa = PBXBuildFile; fileRef = 7179E50D1382CEED002412CA /* softguy.aif */; };
		7192CD241380BC5D00B3E6DC /* Options.m in Sources */ = {isa = PBXBuildFile; fileRef = 7192CD231380BC5D00B3E6DC /* Options.m */; };
		719DFEA81382F88A00C92628 /* AudioStreamer.m in Sources */ = {isa = PBXBuildFile; fileRef = 719DFEA61382F88A00C92628 /* AudioStreamer.m */; };
		71D16AC6137CE93E00B30C68 /* AudioConversion.mm in Sources */ = {isa = PBXBuildFile; fileRef = 71D16AC3137CE93E00B30C68 /* AudioConversion.mm */; };
		71D16AC7137CE93E00B30C68 /* Annotation.m in Sources */ = {isa = PBXBuildFile; fileRef = 71D16AC4137CE93E00B30C68 /* Annotation.m */; };
		71D16AD1137CE95800B30C68 /* AudioTourAppDelegate.m in Sources */ = {isa = PBXBuildFile; fileRef = 71D16ACC137CE95800B30C68 /* AudioTourAppDelegate.m */; };
		71D16AD2137CE95800B30C68 /* FlipsideViewController.m in Sources */ = {isa = PBXBuildFile; fileRef = 71D16ACE137CE95800B30C68 /* FlipsideViewController.m */; };
		71D16AD3137CE95800B30C68 /* MainViewController.m in Sources */ = {isa = PBXBuildFile; fileRef = 71D16AD0137CE95800B30C68 /* MainViewController.m */; };
		71D16AD7137CE97000B30C68 /* MapViewController.m in Sources */ = {isa = PBXBuildFile; fileRef = 71D16AD5137CE97000B30C68 /* MapViewController.m */; };
		71D16AD8137CE97000B30C68 /* MapViewController.xib in Resources */ = {isa = PBXBuildFile; fileRef = 71D16AD6137CE97000B30C68 /* MapViewController.xib */; };
		71D16AE7137CED6F00B30C68 /* CoreLocation.framework in Frameworks */ = {isa = PBXBuildFile; fileRef = 71D16AE6137CED6F00B30C68 /* CoreLocation.framework */; };
		71D16AE9137CED7600B30C68 /* MapKit.framework in Frameworks */ = {isa = PBXBuildFile; fileRef = 71D16AE8137CED7600B30C68 /* MapKit.framework */; };
		71D16AEB137CED7D00B30C68 /* OpenAL.framework in Frameworks */ = {isa = PBXBuildFile; fileRef = 71D16AEA137CED7D00B30C68 /* OpenAL.framework */; };
		71D16AED137CED9100B30C68 /* AudioToolbox.framework in Frameworks */ = {isa = PBXBuildFile; fileRef = 71D16AEC137CED9100B30C68 /* AudioToolbox.framework */; };
		71D16AEF137CED9700B30C68 /* CFNetwork.framework in Frameworks */ = {isa = PBXBuildFile; fileRef = 71D16AEE137CED9700B30C68 /* CFNetwork.framework */; };
		71D16AF1137CEDA200B30C68 /* QuartzCore.framework in Frameworks */ = {isa = PBXBuildFile; fileRef = 71D16AF0137CEDA200B30C68 /* QuartzCore.framework */; };
		71D16AF5137CEDB100B30C68 /* CoreAudio.framework in Frameworks */ = {isa = PBXBuildFile; fileRef = 71D16AF4137CEDB100B30C68 /* CoreAudio.framework */; };
		71D58EB513F0B0550063F76F /* libfmodex.dylib in Frameworks */ = {isa = PBXBuildFile; fileRef = 71D58EAC13F0B0540063F76F /* libfmodex.dylib */; };
		71D58EB613F0B0550063F76F /* libfmodex_iphoneos.a in Frameworks */ = {isa = PBXBuildFile; fileRef = 71D58EAD13F0B0540063F76F /* libfmodex_iphoneos.a */; };
		71D58EB713F0B0550063F76F /* libfmodex_iphonesimulator.a in Frameworks */ = {isa = PBXBuildFile; fileRef = 71D58EAE13F0B0540063F76F /* libfmodex_iphonesimulator.a */; };
		71D58EB813F0B0550063F76F /* libfmodex_reduced_iphoneos.a in Frameworks */ = {isa = PBXBuildFile; fileRef = 71D58EAF13F0B0540063F76F /* libfmodex_reduced_iphoneos.a */; };
		71D58EB913F0B0550063F76F /* libfmodex_reduced_iphonesimulator.a in Frameworks */ = {isa = PBXBuildFile; fileRef = 71D58EB013F0B0540063F76F /* libfmodex_reduced_iphonesimulator.a */; };
		71D58EBA13F0B0550063F76F /* libfmodexL_iphoneos.a in Frameworks */ = {isa = PBXBuildFile; fileRef = 71D58EB113F0B0550063F76F /* libfmodexL_iphoneos.a */; };
		71D58EBB13F0B0550063F76F /* libfmodexL_iphonesimulator.a in Frameworks */ = {isa = PBXBuildFile; fileRef = 71D58EB213F0B0550063F76F /* libfmodexL_iphonesimulator.a */; };
		71D58EBC13F0B0550063F76F /* libfmodexL_reduced_iphoneos.a in Frameworks */ = {isa = PBXBuildFile; fileRef = 71D58EB313F0B0550063F76F /* libfmodexL_reduced_iphoneos.a */; };
		71D58EBD13F0B0550063F76F /* libfmodexL_reduced_iphonesimulator.a in Frameworks */ = {isa = PBXBuildFile; fileRef = 71D58EB413F0B0550063F76F /* libfmodexL_reduced_iphonesimulator.a */; };
/* End PBXBuildFile section */

/* Begin PBXFileReference section */
		1D30AB110D05D00D00671497 /* Foundation.framework */ = {isa = PBXFileReference; lastKnownFileType = wrapper.framework; name = Foundation.framework; path = System/Library/Frameworks/Foundation.framework; sourceTree = SDKROOT; };
		1D3623240D0F684500981E51 /* MayDemoAppDelegate.h */ = {isa = PBXFileReference; fileEncoding = 4; lastKnownFileType = sourcecode.c.h; path = MayDemoAppDelegate.h; sourceTree = "<group>"; };
		1D3623250D0F684500981E51 /* MayDemoAppDelegate.m */ = {isa = PBXFileReference; fileEncoding = 4; lastKnownFileType = sourcecode.c.objc; path = MayDemoAppDelegate.m; sourceTree = "<group>"; };
		1D6058910D05DD3D006BFB54 /* MayDemo.app */ = {isa = PBXFileReference; explicitFileType = wrapper.application; includeInIndex = 0; path = MayDemo.app; sourceTree = BUILT_PRODUCTS_DIR; };
		1DF5F4DF0D08C38300B7A737 /* UIKit.framework */ = {isa = PBXFileReference; lastKnownFileType = wrapper.framework; name = UIKit.framework; path = System/Library/Frameworks/UIKit.framework; sourceTree = SDKROOT; };
		288765A40DF7441C002DB57D /* CoreGraphics.framework */ = {isa = PBXFileReference; lastKnownFileType = wrapper.framework; name = CoreGraphics.framework; path = System/Library/Frameworks/CoreGraphics.framework; sourceTree = SDKROOT; };
		2899E5210DE3E06400AC0155 /* MayDemoViewController.xib */ = {isa = PBXFileReference; lastKnownFileType = file.xib; path = MayDemoViewController.xib; sourceTree = "<group>"; };
		28AD733E0D9D9553002E5188 /* MainWindow.xib */ = {isa = PBXFileReference; lastKnownFileType = file.xib; path = MainWindow.xib; sourceTree = "<group>"; };
		28D7ACF60DDB3853001CB0EB /* MayDemoViewController.h */ = {isa = PBXFileReference; fileEncoding = 4; lastKnownFileType = sourcecode.c.h; path = MayDemoViewController.h; sourceTree = "<group>"; };
		28D7ACF70DDB3853001CB0EB /* MayDemoViewController.m */ = {isa = PBXFileReference; fileEncoding = 4; lastKnownFileType = sourcecode.c.objc; path = MayDemoViewController.m; sourceTree = "<group>"; };
		29B97316FDCFA39411CA2CEA /* main.m */ = {isa = PBXFileReference; fileEncoding = 4; lastKnownFileType = sourcecode.c.objc; path = main.m; sourceTree = "<group>"; };
		32CA4F630368D1EE00C91783 /* MayDemo_Prefix.pch */ = {isa = PBXFileReference; fileEncoding = 4; lastKnownFileType = sourcecode.c.h; path = MayDemo_Prefix.pch; sourceTree = "<group>"; };
		714F01E61380CB6200653F8E /* MapView.xib */ = {isa = PBXFileReference; lastKnownFileType = file.xib; name = MapView.xib; path = Classes/MapView.xib; sourceTree = "<group>"; };
		714F02121380CF4300653F8E /* Options.xib */ = {isa = PBXFileReference; lastKnownFileType = file.xib; name = Options.xib; path = Classes/Options.xib; sourceTree = "<group>"; };
		7179E50D1382CEED002412CA /* softguy.aif */ = {isa = PBXFileReference; lastKnownFileType = file; path = softguy.aif; sourceTree = "<group>"; };
		7192CD221380BC5D00B3E6DC /* Options.h */ = {isa = PBXFileReference; fileEncoding = 4; lastKnownFileType = sourcecode.c.h; path = Options.h; sourceTree = "<group>"; };
		7192CD231380BC5D00B3E6DC /* Options.m */ = {isa = PBXFileReference; fileEncoding = 4; lastKnownFileType = sourcecode.c.objc; path = Options.m; sourceTree = "<group>"; };
		719DFEA61382F88A00C92628 /* AudioStreamer.m */ = {isa = PBXFileReference; fileEncoding = 4; lastKnownFileType = sourcecode.c.objc; path = AudioStreamer.m; sourceTree = "<group>"; };
		719DFEA71382F88A00C92628 /* AudioStreamer.h */ = {isa = PBXFileReference; fileEncoding = 4; lastKnownFileType = sourcecode.c.h; path = AudioStreamer.h; sourceTree = "<group>"; };
		71D16AC2137CE93E00B30C68 /* AudioConversion.h */ = {isa = PBXFileReference; fileEncoding = 4; lastKnownFileType = sourcecode.c.h; path = AudioConversion.h; sourceTree = "<group>"; };
		71D16AC3137CE93E00B30C68 /* AudioConversion.mm */ = {isa = PBXFileReference; fileEncoding = 4; lastKnownFileType = sourcecode.cpp.objcpp; path = AudioConversion.mm; sourceTree = "<group>"; };
		71D16AC4137CE93E00B30C68 /* Annotation.m */ = {isa = PBXFileReference; fileEncoding = 4; lastKnownFileType = sourcecode.c.objc; path = Annotation.m; sourceTree = "<group>"; };
		71D16AC5137CE93E00B30C68 /* Annotation.h */ = {isa = PBXFileReference; fileEncoding = 4; lastKnownFileType = sourcecode.c.h; path = Annotation.h; sourceTree = "<group>"; };
		71D16ACB137CE95800B30C68 /* AudioTourAppDelegate.h */ = {isa = PBXFileReference; fileEncoding = 4; lastKnownFileType = sourcecode.c.h; path = AudioTourAppDelegate.h; sourceTree = "<group>"; };
		71D16ACC137CE95800B30C68 /* AudioTourAppDelegate.m */ = {isa = PBXFileReference; fileEncoding = 4; lastKnownFileType = sourcecode.c.objc; path = AudioTourAppDelegate.m; sourceTree = "<group>"; };
		71D16ACD137CE95800B30C68 /* FlipsideViewController.h */ = {isa = PBXFileReference; fileEncoding = 4; lastKnownFileType = sourcecode.c.h; path = FlipsideViewController.h; sourceTree = "<group>"; };
		71D16ACE137CE95800B30C68 /* FlipsideViewController.m */ = {isa = PBXFileReference; fileEncoding = 4; lastKnownFileType = sourcecode.c.objc; path = FlipsideViewController.m; sourceTree = "<group>"; };
		71D16ACF137CE95800B30C68 /* MainViewController.h */ = {isa = PBXFileReference; fileEncoding = 4; lastKnownFileType = sourcecode.c.h; path = MainViewController.h; sourceTree = "<group>"; };
		71D16AD0137CE95800B30C68 /* MainViewController.m */ = {isa = PBXFileReference; fileEncoding = 4; lastKnownFileType = sourcecode.c.objc; path = MainViewController.m; sourceTree = "<group>"; };
		71D16AD4137CE97000B30C68 /* MapViewController.h */ = {isa = PBXFileReference; fileEncoding = 4; lastKnownFileType = sourcecode.c.h; path = MapViewController.h; sourceTree = "<group>"; };
		71D16AD5137CE97000B30C68 /* MapViewController.m */ = {isa = PBXFileReference; fileEncoding = 4; lastKnownFileType = sourcecode.c.objc; path = MapViewController.m; sourceTree = "<group>"; };
		71D16AD6137CE97000B30C68 /* MapViewController.xib */ = {isa = PBXFileReference; lastKnownFileType = file.xib; name = MapViewController.xib; path = Classes/MapViewController.xib; sourceTree = "<group>"; };
		71D16AE6137CED6F00B30C68 /* CoreLocation.framework */ = {isa = PBXFileReference; lastKnownFileType = wrapper.framework; name = CoreLocation.framework; path = System/Library/Frameworks/CoreLocation.framework; sourceTree = SDKROOT; };
		71D16AE8137CED7600B30C68 /* MapKit.framework */ = {isa = PBXFileReference; lastKnownFileType = wrapper.framework; name = MapKit.framework; path = System/Library/Frameworks/MapKit.framework; sourceTree = SDKROOT; };
		71D16AEA137CED7D00B30C68 /* OpenAL.framework */ = {isa = PBXFileReference; lastKnownFileType = wrapper.framework; name = OpenAL.framework; path = System/Library/Frameworks/OpenAL.framework; sourceTree = SDKROOT; };
		71D16AEC137CED9100B30C68 /* AudioToolbox.framework */ = {isa = PBXFileReference; lastKnownFileType = wrapper.framework; name = AudioToolbox.framework; path = System/Library/Frameworks/AudioToolbox.framework; sourceTree = SDKROOT; };
		71D16AEE137CED9700B30C68 /* CFNetwork.framework */ = {isa = PBXFileReference; lastKnownFileType = wrapper.framework; name = CFNetwork.framework; path = System/Library/Frameworks/CFNetwork.framework; sourceTree = SDKROOT; };
		71D16AF0137CEDA200B30C68 /* QuartzCore.framework */ = {isa = PBXFileReference; lastKnownFileType = wrapper.framework; name = QuartzCore.framework; path = System/Library/Frameworks/QuartzCore.framework; sourceTree = SDKROOT; };
		71D16AF4137CEDB100B30C68 /* CoreAudio.framework */ = {isa = PBXFileReference; lastKnownFileType = wrapper.framework; name = CoreAudio.framework; path = System/Library/Frameworks/CoreAudio.framework; sourceTree = SDKROOT; };
		71D58E9313F0AF990063F76F /* fmod.h */ = {isa = PBXFileReference; fileEncoding = 4; lastKnownFileType = sourcecode.c.h; path = fmod.h; sourceTree = "<group>"; };
		71D58E9413F0AF990063F76F /* fmod.hpp */ = {isa = PBXFileReference; fileEncoding = 4; lastKnownFileType = sourcecode.cpp.h; path = fmod.hpp; sourceTree = "<group>"; };
		71D58E9513F0AF990063F76F /* fmod_codec.h */ = {isa = PBXFileReference; fileEncoding = 4; lastKnownFileType = sourcecode.c.h; path = fmod_codec.h; sourceTree = "<group>"; };
		71D58E9613F0AF990063F76F /* fmod_dsp.h */ = {isa = PBXFileReference; fileEncoding = 4; lastKnownFileType = sourcecode.c.h; path = fmod_dsp.h; sourceTree = "<group>"; };
		71D58E9713F0AF990063F76F /* fmod_errors.h */ = {isa = PBXFileReference; fileEncoding = 4; lastKnownFileType = sourcecode.c.h; path = fmod_errors.h; sourceTree = "<group>"; };
		71D58E9813F0AF990063F76F /* fmod_memoryinfo.h */ = {isa = PBXFileReference; fileEncoding = 4; lastKnownFileType = sourcecode.c.h; path = fmod_memoryinfo.h; sourceTree = "<group>"; };
		71D58E9913F0AF990063F76F /* fmod_output.h */ = {isa = PBXFileReference; fileEncoding = 4; lastKnownFileType = sourcecode.c.h; path = fmod_output.h; sourceTree = "<group>"; };
		71D58E9A13F0AF990063F76F /* fmodiphone.h */ = {isa = PBXFileReference; fileEncoding = 4; lastKnownFileType = sourcecode.c.h; path = fmodiphone.h; sourceTree = "<group>"; };
		71D58EAC13F0B0540063F76F /* libfmodex.dylib */ = {isa = PBXFileReference; lastKnownFileType = "compiled.mach-o.dylib"; path = libfmodex.dylib; sourceTree = "<group>"; };
		71D58EAD13F0B0540063F76F /* libfmodex_iphoneos.a */ = {isa = PBXFileReference; lastKnownFileType = archive.ar; path = libfmodex_iphoneos.a; sourceTree = "<group>"; };
		71D58EAE13F0B0540063F76F /* libfmodex_iphonesimulator.a */ = {isa = PBXFileReference; lastKnownFileType = archive.ar; path = libfmodex_iphonesimulator.a; sourceTree = "<group>"; };
		71D58EAF13F0B0540063F76F /* libfmodex_reduced_iphoneos.a */ = {isa = PBXFileReference; lastKnownFileType = archive.ar; path = libfmodex_reduced_iphoneos.a; sourceTree = "<group>"; };
		71D58EB013F0B0540063F76F /* libfmodex_reduced_iphonesimulator.a */ = {isa = PBXFileReference; lastKnownFileType = archive.ar; path = libfmodex_reduced_iphonesimulator.a; sourceTree = "<group>"; };
		71D58EB113F0B0550063F76F /* libfmodexL_iphoneos.a */ = {isa = PBXFileReference; lastKnownFileType = archive.ar; path = libfmodexL_iphoneos.a; sourceTree = "<group>"; };
		71D58EB213F0B0550063F76F /* libfmodexL_iphonesimulator.a */ = {isa = PBXFileReference; lastKnownFileType = archive.ar; path = libfmodexL_iphonesimulator.a; sourceTree = "<group>"; };
		71D58EB313F0B0550063F76F /* libfmodexL_reduced_iphoneos.a */ = {isa = PBXFileReference; lastKnownFileType = archive.ar; path = libfmodexL_reduced_iphoneos.a; sourceTree = "<group>"; };
		71D58EB413F0B0550063F76F /* libfmodexL_reduced_iphonesimulator.a */ = {isa = PBXFileReference; lastKnownFileType = archive.ar; path = libfmodexL_reduced_iphonesimulator.a; sourceTree = "<group>"; };
		8D1107310486CEB800E47090 /* MayDemo-Info.plist */ = {isa = PBXFileReference; fileEncoding = 4; lastKnownFileType = text.plist.xml; path = "MayDemo-Info.plist"; plistStructureDefinitionIdentifier = "com.apple.xcode.plist.structure-definition.iphone.info-plist"; sourceTree = "<group>"; };
/* End PBXFileReference section */

/* Begin PBXFrameworksBuildPhase section */
		1D60588F0D05DD3D006BFB54 /* Frameworks */ = {
			isa = PBXFrameworksBuildPhase;
			buildActionMask = 2147483647;
			files = (
				1D60589F0D05DD5A006BFB54 /* Foundation.framework in Frameworks */,
				1DF5F4E00D08C38300B7A737 /* UIKit.framework in Frameworks */,
				288765A50DF7441C002DB57D /* CoreGraphics.framework in Frameworks */,
				71D16AE7137CED6F00B30C68 /* CoreLocation.framework in Frameworks */,
				71D16AE9137CED7600B30C68 /* MapKit.framework in Frameworks */,
				71D16AEB137CED7D00B30C68 /* OpenAL.framework in Frameworks */,
				71D16AED137CED9100B30C68 /* AudioToolbox.framework in Frameworks */,
				71D16AEF137CED9700B30C68 /* CFNetwork.framework in Frameworks */,
				71D16AF1137CEDA200B30C68 /* QuartzCore.framework in Frameworks */,
				71D16AF5137CEDB100B30C68 /* CoreAudio.framework in Frameworks */,
				71D58EB513F0B0550063F76F /* libfmodex.dylib in Frameworks */,
				71D58EB613F0B0550063F76F /* libfmodex_iphoneos.a in Frameworks */,
				71D58EB713F0B0550063F76F /* libfmodex_iphonesimulator.a in Frameworks */,
				71D58EB813F0B0550063F76F /* libfmodex_reduced_iphoneos.a in Frameworks */,
				71D58EB913F0B0550063F76F /* libfmodex_reduced_iphonesimulator.a in Frameworks */,
				71D58EBA13F0B0550063F76F /* libfmodexL_iphoneos.a in Frameworks */,
				71D58EBB13F0B0550063F76F /* libfmodexL_iphonesimulator.a in Frameworks */,
				71D58EBC13F0B0550063F76F /* libfmodexL_reduced_iphoneos.a in Frameworks */,
				71D58EBD13F0B0550063F76F /* libfmodexL_reduced_iphonesimulator.a in Frameworks */,
			);
			runOnlyForDeploymentPostprocessing = 0;
		};
/* End PBXFrameworksBuildPhase section */

/* Begin PBXGroup section */
		080E96DDFE201D6D7F000001 /* Classes */ = {
			isa = PBXGroup;
			children = (
				71D58E9213F0AF990063F76F /* inc */,
				719DFEA61382F88A00C92628 /* AudioStreamer.m */,
				719DFEA71382F88A00C92628 /* AudioStreamer.h */,
				71D16ACA137CE95800B30C68 /* Classes */,
				71D16AC2137CE93E00B30C68 /* AudioConversion.h */,
				71D16AC3137CE93E00B30C68 /* AudioConversion.mm */,
				71D16AC4137CE93E00B30C68 /* Annotation.m */,
				71D16AC5137CE93E00B30C68 /* Annotation.h */,
				1D3623240D0F684500981E51 /* MayDemoAppDelegate.h */,
				1D3623250D0F684500981E51 /* MayDemoAppDelegate.m */,
				28D7ACF60DDB3853001CB0EB /* MayDemoViewController.h */,
				28D7ACF70DDB3853001CB0EB /* MayDemoViewController.m */,
				71D16AD4137CE97000B30C68 /* MapViewController.h */,
				71D16AD5137CE97000B30C68 /* MapViewController.m */,
				7192CD221380BC5D00B3E6DC /* Options.h */,
				7192CD231380BC5D00B3E6DC /* Options.m */,
			);
			path = Classes;
			sourceTree = "<group>";
		};
		19C28FACFE9D520D11CA2CBB /* Products */ = {
			isa = PBXGroup;
			children = (
				1D6058910D05DD3D006BFB54 /* MayDemo.app */,
			);
			name = Products;
			sourceTree = "<group>";
		};
		29B97314FDCFA39411CA2CEA /* CustomTemplate */ = {
			isa = PBXGroup;
			children = (
				080E96DDFE201D6D7F000001 /* Classes */,
				29B97315FDCFA39411CA2CEA /* Other Sources */,
				29B97317FDCFA39411CA2CEA /* Resources */,
				29B97323FDCFA39411CA2CEA /* Frameworks */,
				19C28FACFE9D520D11CA2CBB /* Products */,
			);
			name = CustomTemplate;
			sourceTree = "<group>";
		};
		29B97315FDCFA39411CA2CEA /* Other Sources */ = {
			isa = PBXGroup;
			children = (
				32CA4F630368D1EE00C91783 /* MayDemo_Prefix.pch */,
				29B97316FDCFA39411CA2CEA /* main.m */,
			);
			name = "Other Sources";
			sourceTree = "<group>";
		};
		29B97317FDCFA39411CA2CEA /* Resources */ = {
			isa = PBXGroup;
			children = (
				7179E50D1382CEED002412CA /* softguy.aif */,
				714F02121380CF4300653F8E /* Options.xib */,
				714F01E61380CB6200653F8E /* MapView.xib */,
				71D16AD6137CE97000B30C68 /* MapViewController.xib */,
				2899E5210DE3E06400AC0155 /* MayDemoViewController.xib */,
				28AD733E0D9D9553002E5188 /* MainWindow.xib */,
				8D1107310486CEB800E47090 /* MayDemo-Info.plist */,
			);
			name = Resources;
			sourceTree = "<group>";
		};
		29B97323FDCFA39411CA2CEA /* Frameworks */ = {
			isa = PBXGroup;
			children = (
				1DF5F4DF0D08C38300B7A737 /* UIKit.framework */,
				1D30AB110D05D00D00671497 /* Foundation.framework */,
				288765A40DF7441C002DB57D /* CoreGraphics.framework */,
				71D16AE6137CED6F00B30C68 /* CoreLocation.framework */,
				71D16AE8137CED7600B30C68 /* MapKit.framework */,
				71D16AEA137CED7D00B30C68 /* OpenAL.framework */,
				71D16AEC137CED9100B30C68 /* AudioToolbox.framework */,
				71D16AEE137CED9700B30C68 /* CFNetwork.framework */,
				71D16AF0137CEDA200B30C68 /* QuartzCore.framework */,
				71D16AF4137CEDB100B30C68 /* CoreAudio.framework */,
			);
			name = Frameworks;
			sourceTree = "<group>";
		};
		71D16ACA137CE95800B30C68 /* Classes */ = {
			isa = PBXGroup;
			children = (
				71D16ACB137CE95800B30C68 /* AudioTourAppDelegate.h */,
				71D16ACC137CE95800B30C68 /* AudioTourAppDelegate.m */,
				71D16ACD137CE95800B30C68 /* FlipsideViewController.h */,
				71D16ACE137CE95800B30C68 /* FlipsideViewController.m */,
				71D16ACF137CE95800B30C68 /* MainViewController.h */,
				71D16AD0137CE95800B30C68 /* MainViewController.m */,
			);
			path = Classes;
			sourceTree = "<group>";
		};
		71D58E9213F0AF990063F76F /* inc */ = {
			isa = PBXGroup;
			children = (
				71D58EAB13F0B0540063F76F /* lib */,
				71D58E9313F0AF990063F76F /* fmod.h */,
				71D58E9413F0AF990063F76F /* fmod.hpp */,
				71D58E9513F0AF990063F76F /* fmod_codec.h */,
				71D58E9613F0AF990063F76F /* fmod_dsp.h */,
				71D58E9713F0AF990063F76F /* fmod_errors.h */,
				71D58E9813F0AF990063F76F /* fmod_memoryinfo.h */,
				71D58E9913F0AF990063F76F /* fmod_output.h */,
				71D58E9A13F0AF990063F76F /* fmodiphone.h */,
			);
			path = inc;
			sourceTree = "<group>";
		};
		71D58EAB13F0B0540063F76F /* lib */ = {
			isa = PBXGroup;
			children = (
				71D58EAC13F0B0540063F76F /* libfmodex.dylib */,
				71D58EAD13F0B0540063F76F /* libfmodex_iphoneos.a */,
				71D58EAE13F0B0540063F76F /* libfmodex_iphonesimulator.a */,
				71D58EAF13F0B0540063F76F /* libfmodex_reduced_iphoneos.a */,
				71D58EB013F0B0540063F76F /* libfmodex_reduced_iphonesimulator.a */,
				71D58EB113F0B0550063F76F /* libfmodexL_iphoneos.a */,
				71D58EB213F0B0550063F76F /* libfmodexL_iphonesimulator.a */,
				71D58EB313F0B0550063F76F /* libfmodexL_reduced_iphoneos.a */,
				71D58EB413F0B0550063F76F /* libfmodexL_reduced_iphonesimulator.a */,
			);
			path = lib;
			sourceTree = "<group>";
		};
/* End PBXGroup section */

/* Begin PBXNativeTarget section */
		1D6058900D05DD3D006BFB54 /* MayDemo */ = {
			isa = PBXNativeTarget;
			buildConfigurationList = 1D6058960D05DD3E006BFB54 /* Build configuration list for PBXNativeTarget "MayDemo" */;
			buildPhases = (
				1D60588D0D05DD3D006BFB54 /* Resources */,
				1D60588E0D05DD3D006BFB54 /* Sources */,
				1D60588F0D05DD3D006BFB54 /* Frameworks */,
			);
			buildRules = (
			);
			dependencies = (
			);
			name = MayDemo;
			productName = MayDemo;
			productReference = 1D6058910D05DD3D006BFB54 /* MayDemo.app */;
			productType = "com.apple.product-type.application";
		};
/* End PBXNativeTarget section */

/* Begin PBXProject section */
		29B97313FDCFA39411CA2CEA /* Project object */ = {
			isa = PBXProject;
			buildConfigurationList = C01FCF4E08A954540054247B /* Build configuration list for PBXProject "MayDemo" */;
			compatibilityVersion = "Xcode 3.1";
			developmentRegion = English;
			hasScannedForEncodings = 1;
			knownRegions = (
				English,
				Japanese,
				French,
				German,
			);
			mainGroup = 29B97314FDCFA39411CA2CEA /* CustomTemplate */;
			projectDirPath = "";
			projectRoot = "";
			targets = (
				1D6058900D05DD3D006BFB54 /* MayDemo */,
			);
		};
/* End PBXProject section */

/* Begin PBXResourcesBuildPhase section */
		1D60588D0D05DD3D006BFB54 /* Resources */ = {
			isa = PBXResourcesBuildPhase;
			buildActionMask = 2147483647;
			files = (
				28AD733F0D9D9553002E5188 /* MainWindow.xib in Resources */,
				2899E5220DE3E06400AC0155 /* MayDemoViewController.xib in Resources */,
				71D16AD8137CE97000B30C68 /* MapViewController.xib in Resources */,
				714F01E71380CB6200653F8E /* MapView.xib in Resources */,
				714F02131380CF4300653F8E /* Options.xib in Resources */,
				7179E50E1382CEED002412CA /* softguy.aif in Resources */,
			);
			runOnlyForDeploymentPostprocessing = 0;
		};
/* End PBXResourcesBuildPhase section */

/* Begin PBXSourcesBuildPhase section */
		1D60588E0D05DD3D006BFB54 /* Sources */ = {
			isa = PBXSourcesBuildPhase;
			buildActionMask = 2147483647;
			files = (
				1D60589B0D05DD56006BFB54 /* main.m in Sources */,
				1D3623260D0F684500981E51 /* MayDemoAppDelegate.m in Sources */,
				28D7ACF80DDB3853001CB0EB /* MayDemoViewController.m in Sources */,
				71D16AC6137CE93E00B30C68 /* AudioConversion.mm in Sources */,
				71D16AC7137CE93E00B30C68 /* Annotation.m in Sources */,
				71D16AD1137CE95800B30C68 /* AudioTourAppDelegate.m in Sources */,
				71D16AD2137CE95800B30C68 /* FlipsideViewController.m in Sources */,
				71D16AD3137CE95800B30C68 /* MainViewController.m in Sources */,
				71D16AD7137CE97000B30C68 /* MapViewController.m in Sources */,
				7192CD241380BC5D00B3E6DC /* Options.m in Sources */,
				719DFEA81382F88A00C92628 /* AudioStreamer.m in Sources */,
			);
			runOnlyForDeploymentPostprocessing = 0;
		};
/* End PBXSourcesBuildPhase section */

/* Begin XCBuildConfiguration section */
		1D6058940D05DD3E006BFB54 /* Debug */ = {
			isa = XCBuildConfiguration;
			buildSettings = {
				ALWAYS_SEARCH_USER_PATHS = NO;
				COPY_PHASE_STRIP = NO;
				GCC_DYNAMIC_NO_PIC = NO;
				GCC_OPTIMIZATION_LEVEL = 0;
				GCC_PRECOMPILE_PREFIX_HEADER = YES;
				GCC_PREFIX_HEADER = MayDemo_Prefix.pch;
				INFOPLIST_FILE = "MayDemo-Info.plist";
				LIBRARY_SEARCH_PATHS = (
					"$(inherited)",
					"\"$(SRCROOT)/Classes/inc/lib\"",
				);
				PRODUCT_NAME = MayDemo;
			};
			name = Debug;
		};
		1D6058950D05DD3E006BFB54 /* Release */ = {
			isa = XCBuildConfiguration;
			buildSettings = {
				ALWAYS_SEARCH_USER_PATHS = NO;
				COPY_PHASE_STRIP = YES;
				GCC_PRECOMPILE_PREFIX_HEADER = YES;
				GCC_PREFIX_HEADER = MayDemo_Prefix.pch;
				INFOPLIST_FILE = "MayDemo-Info.plist";
				LIBRARY_SEARCH_PATHS = (
					"$(inherited)",
					"\"$(SRCROOT)/Classes/inc/lib\"",
				);
				PRODUCT_NAME = MayDemo;
				VALIDATE_PRODUCT = YES;
			};
			name = Release;
		};
		C01FCF4F08A954540054247B /* Debug */ = {
			isa = XCBuildConfiguration;
			buildSettings = {
				ARCHS = "$(ARCHS_STANDARD_32_BIT)";
				"CODE_SIGN_IDENTITY[sdk=iphoneos*]" = "iPhone Developer: Russell de Moose (836LU648FA)";
				GCC_C_LANGUAGE_STANDARD = c99;
				GCC_WARN_ABOUT_RETURN_TYPE = YES;
				GCC_WARN_UNUSED_VARIABLE = YES;
				HEADER_SEARCH_PATHS = (
					/Developer/FMOD,
					Programmers,
					API,
					iPhone/api/inc,
				);
				LIBRARY_SEARCH_PATHS = (
					/Developer/FMOD,
					Programmers,
					API,
					iPhone/api/lib,
				);
				ONLY_ACTIVE_ARCH = NO;
				OTHER_LDFLAGS = "-lfmodexL_$PLATFORM_NAME";
				PREBINDING = NO;
				"PROVISIONING_PROFILE[sdk=iphoneos*]" = "5A6A12D1-4E56-4094-A3CF-974C2BC71362";
				SDKROOT = iphoneos;
			};
			name = Debug;
		};
		C01FCF5008A954540054247B /* Release */ = {
			isa = XCBuildConfiguration;
			buildSettings = {
				ARCHS = "$(ARCHS_STANDARD_32_BIT)";
				"CODE_SIGN_IDENTITY[sdk=iphoneos*]" = "iPhone Developer: Russell de Moose (836LU648FA)";
				GCC_C_LANGUAGE_STANDARD = c99;
				GCC_WARN_ABOUT_RETURN_TYPE = YES;
				GCC_WARN_UNUSED_VARIABLE = YES;
				HEADER_SEARCH_PATHS = (
					/Developer/FMOD,
					Programmers,
					API,
					iPhone/api/inc,
				);
				LIBRARY_SEARCH_PATHS = (
					/Developer/FMOD,
					Programmers,
					API,
					iPhone/api/lib,
				);
				ONLY_ACTIVE_ARCH = NO;
				OTHER_CFLAGS = "-DNS_BLOCK_ASSERTIONS=1";
				OTHER_LDFLAGS = "-lfmodexL_$PLATFORM_NAME";
				PREBINDING = NO;
				"PROVISIONING_PROFILE[sdk=iphoneos*]" = "5A6A12D1-4E56-4094-A3CF-974C2BC71362";
				SDKROOT = iphoneos;
			};
			name = Release;
		};
/* End XCBuildConfiguration section */

/* Begin XCConfigurationList section */
		1D6058960D05DD3E006BFB54 /* Build configuration list for PBXNativeTarget "MayDemo" */ = {
			isa = XCConfigurationList;
			buildConfigurations = (
				1D6058940D05DD3E006BFB54 /* Debug */,
				1D6058950D05DD3E006BFB54 /* Release */,
			);
			defaultConfigurationIsVisible = 0;
			defaultConfigurationName = Release;
		};
		C01FCF4E08A954540054247B /* Build configuration list for PBXProject "MayDemo" */ = {
			isa = XCConfigurationList;
			buildConfigurations = (
				C01FCF4F08A954540054247B /* Debug */,
				C01FCF5008A954540054247B /* Release */,
			);
			defaultConfigurationIsVisible = 0;
			defaultConfigurationName = Release;
		};
/* End XCConfigurationList section */
	};
	rootObject = 29B97313FDCFA39411CA2CEA /* Project object */;
}
