// !$*UTF8*$!
{
	archiveVersion = 1;
	classes = {
	};
	objectVersion = 45;
	objects = {

/* Begin PBXBuildFile section */
		1D60589B0D05DD56006BFB54 /* main.m in Sources */ = {isa = PBXBuildFile; fileRef = 29B97316FDCFA39411CA2CEA /* main.m */; };
		1D60589F0D05DD5A006BFB54 /* Foundation.framework in Frameworks */ = {isa = PBXBuildFile; fileRef = 1D30AB110D05D00D00671497 /* Foundation.framework */; };
		1DF5F4E00D08C38300B7A737 /* UIKit.framework in Frameworks */ = {isa = PBXBuildFile; fileRef = 1DF5F4DF0D08C38300B7A737 /* UIKit.framework */; };
		288765A50DF7441C002DB57D /* CoreGraphics.framework in Frameworks */ = {isa = PBXBuildFile; fileRef = 288765A40DF7441C002DB57D /* CoreGraphics.framework */; };
		2899E5220DE3E06400AC0155 /* thesis_testViewController.xib in Resources */ = {isa = PBXBuildFile; fileRef = 2899E5210DE3E06400AC0155 /* thesis_testViewController.xib */; };
		28AD733F0D9D9553002E5188 /* MainWindow.xib in Resources */ = {isa = PBXBuildFile; fileRef = 28AD733E0D9D9553002E5188 /* MainWindow.xib */; };
		718CDB4912F7BB14008198FA /* QuartzCore.framework in Frameworks */ = {isa = PBXBuildFile; fileRef = 718CDB4812F7BB14008198FA /* QuartzCore.framework */; };
		718CDBF212F7D9DB008198FA /* MediaPlayer.framework in Frameworks */ = {isa = PBXBuildFile; fileRef = 718CDBF112F7D9DB008198FA /* MediaPlayer.framework */; };
		718CDC8112F8A31D008198FA /* AVFoundation.framework in Frameworks */ = {isa = PBXBuildFile; fileRef = 718CDC8012F8A31D008198FA /* AVFoundation.framework */; };
		71AF0A3512F5D18B003EA637 /* thesis_testAppDelegate.mm in Sources */ = {isa = PBXBuildFile; fileRef = 71AF0A3212F5D18B003EA637 /* thesis_testAppDelegate.mm */; };
		71AF0A3612F5D18B003EA637 /* thesis_testViewController.m in Sources */ = {isa = PBXBuildFile; fileRef = 71AF0A3412F5D18B003EA637 /* thesis_testViewController.m */; };
		71AF0A3E12F5D1BC003EA637 /* CoreLocation.framework in Frameworks */ = {isa = PBXBuildFile; fileRef = 71AF0A3D12F5D1BC003EA637 /* CoreLocation.framework */; };
		71AF0A4212F5D1C4003EA637 /* MapKit.framework in Frameworks */ = {isa = PBXBuildFile; fileRef = 71AF0A4112F5D1C4003EA637 /* MapKit.framework */; };
		71B11FD812F9D9DA00E37EEC /* audioPlayback.m in Sources */ = {isa = PBXBuildFile; fileRef = 71B11FD712F9D9DA00E37EEC /* audioPlayback.m */; };
		71B11FE612F9DA1000E37EEC /* OpenAL.framework in Frameworks */ = {isa = PBXBuildFile; fileRef = 71B11FE512F9DA1000E37EEC /* OpenAL.framework */; };
		71B11FEF12F9DAF100E37EEC /* 03 Building Fully Sprinkled.aif in Resources */ = {isa = PBXBuildFile; fileRef = 71B11FEE12F9DAF100E37EEC /* 03 Building Fully Sprinkled.aif */; };
		71B11FF112FA00CB00E37EEC /* AudioToolbox.framework in Frameworks */ = {isa = PBXBuildFile; fileRef = 71B11FF012FA00CB00E37EEC /* AudioToolbox.framework */; };
		71B1204012FA0A1F00E37EEC /* CoreAudio.framework in Frameworks */ = {isa = PBXBuildFile; fileRef = 71B1203F12FA0A1F00E37EEC /* CoreAudio.framework */; };
/* End PBXBuildFile section */

/* Begin PBXFileReference section */
		1D30AB110D05D00D00671497 /* Foundation.framework */ = {isa = PBXFileReference; lastKnownFileType = wrapper.framework; name = Foundation.framework; path = System/Library/Frameworks/Foundation.framework; sourceTree = SDKROOT; };
		1D6058910D05DD3D006BFB54 /* thesis_test.app */ = {isa = PBXFileReference; explicitFileType = wrapper.application; includeInIndex = 0; path = thesis_test.app; sourceTree = BUILT_PRODUCTS_DIR; };
		1DF5F4DF0D08C38300B7A737 /* UIKit.framework */ = {isa = PBXFileReference; lastKnownFileType = wrapper.framework; name = UIKit.framework; path = System/Library/Frameworks/UIKit.framework; sourceTree = SDKROOT; };
		288765A40DF7441C002DB57D /* CoreGraphics.framework */ = {isa = PBXFileReference; lastKnownFileType = wrapper.framework; name = CoreGraphics.framework; path = System/Library/Frameworks/CoreGraphics.framework; sourceTree = SDKROOT; };
		2899E5210DE3E06400AC0155 /* thesis_testViewController.xib */ = {isa = PBXFileReference; lastKnownFileType = file.xib; path = thesis_testViewController.xib; sourceTree = "<group>"; };
		28AD733E0D9D9553002E5188 /* MainWindow.xib */ = {isa = PBXFileReference; lastKnownFileType = file.xib; path = MainWindow.xib; sourceTree = "<group>"; };
		29B97316FDCFA39411CA2CEA /* main.m */ = {isa = PBXFileReference; fileEncoding = 4; lastKnownFileType = sourcecode.c.objc; path = main.m; sourceTree = "<group>"; };
		32CA4F630368D1EE00C91783 /* thesis_test_Prefix.pch */ = {isa = PBXFileReference; fileEncoding = 4; lastKnownFileType = sourcecode.c.h; path = thesis_test_Prefix.pch; sourceTree = "<group>"; };
		718CDB4812F7BB14008198FA /* QuartzCore.framework */ = {isa = PBXFileReference; lastKnownFileType = wrapper.framework; name = QuartzCore.framework; path = System/Library/Frameworks/QuartzCore.framework; sourceTree = SDKROOT; };
		718CDBF112F7D9DB008198FA /* MediaPlayer.framework */ = {isa = PBXFileReference; lastKnownFileType = wrapper.framework; name = MediaPlayer.framework; path = System/Library/Frameworks/MediaPlayer.framework; sourceTree = SDKROOT; };
		718CDC8012F8A31D008198FA /* AVFoundation.framework */ = {isa = PBXFileReference; lastKnownFileType = wrapper.framework; name = AVFoundation.framework; path = System/Library/Frameworks/AVFoundation.framework; sourceTree = SDKROOT; };
		71AF0A3112F5D18B003EA637 /* thesis_testAppDelegate.h */ = {isa = PBXFileReference; fileEncoding = 4; lastKnownFileType = sourcecode.c.h; path = thesis_testAppDelegate.h; sourceTree = "<group>"; };
		71AF0A3212F5D18B003EA637 /* thesis_testAppDelegate.mm */ = {isa = PBXFileReference; fileEncoding = 4; lastKnownFileType = sourcecode.cpp.objcpp; path = thesis_testAppDelegate.mm; sourceTree = "<group>"; };
		71AF0A3312F5D18B003EA637 /* thesis_testViewController.h */ = {isa = PBXFileReference; fileEncoding = 4; lastKnownFileType = sourcecode.c.h; path = thesis_testViewController.h; sourceTree = "<group>"; };
		71AF0A3412F5D18B003EA637 /* thesis_testViewController.m */ = {isa = PBXFileReference; fileEncoding = 4; lastKnownFileType = sourcecode.c.objc; path = thesis_testViewController.m; sourceTree = "<group>"; };
		71AF0A3D12F5D1BC003EA637 /* CoreLocation.framework */ = {isa = PBXFileReference; lastKnownFileType = wrapper.framework; name = CoreLocation.framework; path = System/Library/Frameworks/CoreLocation.framework; sourceTree = SDKROOT; };
		71AF0A4112F5D1C4003EA637 /* MapKit.framework */ = {isa = PBXFileReference; lastKnownFileType = wrapper.framework; name = MapKit.framework; path = System/Library/Frameworks/MapKit.framework; sourceTree = SDKROOT; };
		71B11FD612F9D9DA00E37EEC /* audioPlayback.h */ = {isa = PBXFileReference; fileEncoding = 4; lastKnownFileType = sourcecode.c.h; path = audioPlayback.h; sourceTree = "<group>"; };
		71B11FD712F9D9DA00E37EEC /* audioPlayback.m */ = {isa = PBXFileReference; fileEncoding = 4; lastKnownFileType = sourcecode.c.objc; path = audioPlayback.m; sourceTree = "<group>"; };
		71B11FE512F9DA1000E37EEC /* OpenAL.framework */ = {isa = PBXFileReference; lastKnownFileType = wrapper.framework; name = OpenAL.framework; path = System/Library/Frameworks/OpenAL.framework; sourceTree = SDKROOT; };
		71B11FEE12F9DAF100E37EEC /* 03 Building Fully Sprinkled.aif */ = {isa = PBXFileReference; lastKnownFileType = file; path = "03 Building Fully Sprinkled.aif"; sourceTree = "<group>"; };
		71B11FF012FA00CB00E37EEC /* AudioToolbox.framework */ = {isa = PBXFileReference; lastKnownFileType = wrapper.framework; name = AudioToolbox.framework; path = System/Library/Frameworks/AudioToolbox.framework; sourceTree = SDKROOT; };
		71B1203F12FA0A1F00E37EEC /* CoreAudio.framework */ = {isa = PBXFileReference; lastKnownFileType = wrapper.framework; name = CoreAudio.framework; path = System/Library/Frameworks/CoreAudio.framework; sourceTree = SDKROOT; };
		8D1107310486CEB800E47090 /* thesis_test-Info.plist */ = {isa = PBXFileReference; fileEncoding = 4; lastKnownFileType = text.plist.xml; path = "thesis_test-Info.plist"; plistStructureDefinitionIdentifier = "com.apple.xcode.plist.structure-definition.iphone.info-plist"; sourceTree = "<group>"; };
/* End PBXFileReference section */

/* Begin PBXFrameworksBuildPhase section */
		1D60588F0D05DD3D006BFB54 /* Frameworks */ = {
			isa = PBXFrameworksBuildPhase;
			buildActionMask = 2147483647;
			files = (
				1D60589F0D05DD5A006BFB54 /* Foundation.framework in Frameworks */,
				1DF5F4E00D08C38300B7A737 /* UIKit.framework in Frameworks */,
				288765A50DF7441C002DB57D /* CoreGraphics.framework in Frameworks */,
				71AF0A3E12F5D1BC003EA637 /* CoreLocation.framework in Frameworks */,
				71AF0A4212F5D1C4003EA637 /* MapKit.framework in Frameworks */,
				718CDB4912F7BB14008198FA /* QuartzCore.framework in Frameworks */,
				718CDBF212F7D9DB008198FA /* MediaPlayer.framework in Frameworks */,
				718CDC8112F8A31D008198FA /* AVFoundation.framework in Frameworks */,
				71B11FE612F9DA1000E37EEC /* OpenAL.framework in Frameworks */,
				71B11FF112FA00CB00E37EEC /* AudioToolbox.framework in Frameworks */,
				71B1204012FA0A1F00E37EEC /* CoreAudio.framework in Frameworks */,
			);
			runOnlyForDeploymentPostprocessing = 0;
		};
/* End PBXFrameworksBuildPhase section */

/* Begin PBXGroup section */
		080E96DDFE201D6D7F000001 /* Classes */ = {
			isa = PBXGroup;
			children = (
				71AF0A3112F5D18B003EA637 /* thesis_testAppDelegate.h */,
				71AF0A3212F5D18B003EA637 /* thesis_testAppDelegate.mm */,
				71AF0A3312F5D18B003EA637 /* thesis_testViewController.h */,
				71AF0A3412F5D18B003EA637 /* thesis_testViewController.m */,
				71B11FD612F9D9DA00E37EEC /* audioPlayback.h */,
				71B11FD712F9D9DA00E37EEC /* audioPlayback.m */,
			);
			path = Classes;
			sourceTree = "<group>";
		};
		19C28FACFE9D520D11CA2CBB /* Products */ = {
			isa = PBXGroup;
			children = (
				1D6058910D05DD3D006BFB54 /* thesis_test.app */,
			);
			name = Products;
			sourceTree = "<group>";
		};
		29B97314FDCFA39411CA2CEA /* CustomTemplate */ = {
			isa = PBXGroup;
			children = (
				080E96DDFE201D6D7F000001 /* Classes */,
				29B97315FDCFA39411CA2CEA /* Other Sources */,
				29B97317FDCFA39411CA2CEA /* Resources */,
				29B97323FDCFA39411CA2CEA /* Frameworks */,
				19C28FACFE9D520D11CA2CBB /* Products */,
			);
			name = CustomTemplate;
			sourceTree = "<group>";
		};
		29B97315FDCFA39411CA2CEA /* Other Sources */ = {
			isa = PBXGroup;
			children = (
				32CA4F630368D1EE00C91783 /* thesis_test_Prefix.pch */,
				29B97316FDCFA39411CA2CEA /* main.m */,
			);
			name = "Other Sources";
			sourceTree = "<group>";
		};
		29B97317FDCFA39411CA2CEA /* Resources */ = {
			isa = PBXGroup;
			children = (
				71B11FEE12F9DAF100E37EEC /* 03 Building Fully Sprinkled.aif */,
				2899E5210DE3E06400AC0155 /* thesis_testViewController.xib */,
				28AD733E0D9D9553002E5188 /* MainWindow.xib */,
				8D1107310486CEB800E47090 /* thesis_test-Info.plist */,
			);
			name = Resources;
			sourceTree = "<group>";
		};
		29B97323FDCFA39411CA2CEA /* Frameworks */ = {
			isa = PBXGroup;
			children = (
				1DF5F4DF0D08C38300B7A737 /* UIKit.framework */,
				1D30AB110D05D00D00671497 /* Foundation.framework */,
				288765A40DF7441C002DB57D /* CoreGraphics.framework */,
				71AF0A3D12F5D1BC003EA637 /* CoreLocation.framework */,
				71AF0A4112F5D1C4003EA637 /* MapKit.framework */,
				718CDB4812F7BB14008198FA /* QuartzCore.framework */,
				718CDBF112F7D9DB008198FA /* MediaPlayer.framework */,
				718CDC8012F8A31D008198FA /* AVFoundation.framework */,
				71B11FE512F9DA1000E37EEC /* OpenAL.framework */,
				71B11FF012FA00CB00E37EEC /* AudioToolbox.framework */,
				71B1203F12FA0A1F00E37EEC /* CoreAudio.framework */,
			);
			name = Frameworks;
			sourceTree = "<group>";
		};
/* End PBXGroup section */

/* Begin PBXNativeTarget section */
		1D6058900D05DD3D006BFB54 /* thesis_test */ = {
			isa = PBXNativeTarget;
			buildConfigurationList = 1D6058960D05DD3E006BFB54 /* Build configuration list for PBXNativeTarget "thesis_test" */;
			buildPhases = (
				1D60588D0D05DD3D006BFB54 /* Resources */,
				1D60588E0D05DD3D006BFB54 /* Sources */,
				1D60588F0D05DD3D006BFB54 /* Frameworks */,
			);
			buildRules = (
			);
			dependencies = (
			);
			name = thesis_test;
			productName = thesis_test;
			productReference = 1D6058910D05DD3D006BFB54 /* thesis_test.app */;
			productType = "com.apple.product-type.application";
		};
/* End PBXNativeTarget section */

/* Begin PBXProject section */
		29B97313FDCFA39411CA2CEA /* Project object */ = {
			isa = PBXProject;
			buildConfigurationList = C01FCF4E08A954540054247B /* Build configuration list for PBXProject "thesis_test" */;
			compatibilityVersion = "Xcode 3.1";
			hasScannedForEncodings = 1;
			mainGroup = 29B97314FDCFA39411CA2CEA /* CustomTemplate */;
			projectDirPath = "";
			projectRoot = "";
			targets = (
				1D6058900D05DD3D006BFB54 /* thesis_test */,
			);
		};
/* End PBXProject section */

/* Begin PBXResourcesBuildPhase section */
		1D60588D0D05DD3D006BFB54 /* Resources */ = {
			isa = PBXResourcesBuildPhase;
			buildActionMask = 2147483647;
			files = (
				28AD733F0D9D9553002E5188 /* MainWindow.xib in Resources */,
				2899E5220DE3E06400AC0155 /* thesis_testViewController.xib in Resources */,
				71B11FEF12F9DAF100E37EEC /* 03 Building Fully Sprinkled.aif in Resources */,
			);
			runOnlyForDeploymentPostprocessing = 0;
		};
/* End PBXResourcesBuildPhase section */

/* Begin PBXSourcesBuildPhase section */
		1D60588E0D05DD3D006BFB54 /* Sources */ = {
			isa = PBXSourcesBuildPhase;
			buildActionMask = 2147483647;
			files = (
				1D60589B0D05DD56006BFB54 /* main.m in Sources */,
				71AF0A3512F5D18B003EA637 /* thesis_testAppDelegate.mm in Sources */,
				71AF0A3612F5D18B003EA637 /* thesis_testViewController.m in Sources */,
				71B11FD812F9D9DA00E37EEC /* audioPlayback.m in Sources */,
			);
			runOnlyForDeploymentPostprocessing = 0;
		};
/* End PBXSourcesBuildPhase section */

/* Begin XCBuildConfiguration section */
		1D6058940D05DD3E006BFB54 /* Debug */ = {
			isa = XCBuildConfiguration;
			buildSettings = {
				ALWAYS_SEARCH_USER_PATHS = NO;
				COPY_PHASE_STRIP = NO;
				GCC_DYNAMIC_NO_PIC = NO;
				GCC_OPTIMIZATION_LEVEL = 0;
				GCC_PRECOMPILE_PREFIX_HEADER = YES;
				GCC_PREFIX_HEADER = thesis_test_Prefix.pch;
				INFOPLIST_FILE = "thesis_test-Info.plist";
				PRODUCT_NAME = thesis_test;
			};
			name = Debug;
		};
		1D6058950D05DD3E006BFB54 /* Release */ = {
			isa = XCBuildConfiguration;
			buildSettings = {
				ALWAYS_SEARCH_USER_PATHS = NO;
				COPY_PHASE_STRIP = YES;
				GCC_PRECOMPILE_PREFIX_HEADER = YES;
				GCC_PREFIX_HEADER = thesis_test_Prefix.pch;
				INFOPLIST_FILE = "thesis_test-Info.plist";
				PRODUCT_NAME = thesis_test;
				VALIDATE_PRODUCT = YES;
			};
			name = Release;
		};
		C01FCF4F08A954540054247B /* Debug */ = {
			isa = XCBuildConfiguration;
			buildSettings = {
				ARCHS = "$(ARCHS_STANDARD_32_BIT)";
				"CODE_SIGN_IDENTITY[sdk=iphoneos*]" = "iPhone Developer";
				GCC_C_LANGUAGE_STANDARD = c99;
				GCC_WARN_ABOUT_RETURN_TYPE = YES;
				GCC_WARN_UNUSED_VARIABLE = YES;
				IPHONEOS_DEPLOYMENT_TARGET = 3.1.3;
				ONLY_ACTIVE_ARCH = NO;
				PREBINDING = NO;
				"PROVISIONING_PROFILE[sdk=iphoneos*]" = "";
				SDKROOT = iphoneos4.0;
				TARGETED_DEVICE_FAMILY = "1,2";
			};
			name = Debug;
		};
		C01FCF5008A954540054247B /* Release */ = {
			isa = XCBuildConfiguration;
			buildSettings = {
				ARCHS = "$(ARCHS_STANDARD_32_BIT)";
				"CODE_SIGN_IDENTITY[sdk=iphoneos*]" = "iPhone Developer";
				GCC_C_LANGUAGE_STANDARD = c99;
				GCC_WARN_ABOUT_RETURN_TYPE = YES;
				GCC_WARN_UNUSED_VARIABLE = YES;
				IPHONEOS_DEPLOYMENT_TARGET = 3.1.3;
				OTHER_CFLAGS = "-DNS_BLOCK_ASSERTIONS=1";
				PREBINDING = NO;
				"PROVISIONING_PROFILE[sdk=iphoneos*]" = "";
				SDKROOT = iphoneos4.0;
				TARGETED_DEVICE_FAMILY = "1,2";
			};
			name = Release;
		};
/* End XCBuildConfiguration section */

/* Begin XCConfigurationList section */
		1D6058960D05DD3E006BFB54 /* Build configuration list for PBXNativeTarget "thesis_test" */ = {
			isa = XCConfigurationList;
			buildConfigurations = (
				1D6058940D05DD3E006BFB54 /* Debug */,
				1D6058950D05DD3E006BFB54 /* Release */,
			);
			defaultConfigurationIsVisible = 0;
			defaultConfigurationName = Release;
		};
		C01FCF4E08A954540054247B /* Build configuration list for PBXProject "thesis_test" */ = {
			isa = XCConfigurationList;
			buildConfigurations = (
				C01FCF4F08A954540054247B /* Debug */,
				C01FCF5008A954540054247B /* Release */,
			);
			defaultConfigurationIsVisible = 0;
			defaultConfigurationName = Release;
		};
/* End XCConfigurationList section */
	};
	rootObject = 29B97313FDCFA39411CA2CEA /* Project object */;
}
